
Microsoft Visual Studio Solution File, Format Version 12.00
# Visual Studio Express 14 for Web
VisualStudioVersion = 14.0.25420.1
MinimumVisualStudioVersion = 10.0.40219.1
Project("{FAE04EC0-301F-11D3-BF4B-00C04F79EFBC}") = "SubirArchivosTradicional", "SubirArchivosTradicional\SubirArchivosTradicional.csproj", "{0E2A3217-77BA-44C9-BBD7-A51A490C6ABF}"
EndProject
Global
	GlobalSection(SolutionConfigurationPlatforms) = preSolution
		Debug|Any CPU = Debug|Any CPU
		Release|Any CPU = Release|Any CPU
	EndGlobalSection
	GlobalSection(ProjectConfigurationPlatforms) = postSolution
		{0E2A3217-77BA-44C9-BBD7-A51A490C6ABF}.Debug|Any CPU.ActiveCfg = Debug|Any CPU
		{0E2A3217-77BA-44C9-BBD7-A51A490C6ABF}.Debug|Any CPU.Build.0 = Debug|Any CPU
		{0E2A3217-77BA-44C9-BBD7-A51A490C6ABF}.Release|Any CPU.ActiveCfg = Release|Any CPU
		{0E2A3217-77BA-44C9-BBD7-A51A490C6ABF}.Release|Any CPU.Build.0 = Release|Any CPU
	EndGlobalSection
	GlobalSection(SolutionProperties) = preSolution
		HideSolutionNode = FALSE
	EndGlobalSection
EndGlobal
